# This file is automatically @generated by Cargo.
# It is not intended for manual editing.
version = 3

[[package]]
name = "cc"
version = "1.0.73"
source = "registry+https://github.com/rust-lang/crates.io-index"
checksum = "2fff2a6927b3bb87f9595d67196a70493f627687a71d87a0d692242c33f58c11"

[[package]]
name = "cty"
version = "0.2.2"
source = "registry+https://github.com/rust-lang/crates.io-index"
checksum = "b365fabc795046672053e29c954733ec3b05e4be654ab130fe8f1f94d7051f35"

[[package]]
name = "ocaml"
version = "0.22.4"
source = "registry+https://github.com/rust-lang/crates.io-index"
checksum = "a48b45c32924a3d95aea68f628ec93737bf7cfdb7b0d14344cf3d5176caa1302"
dependencies = [
 "ocaml-boxroot-sys",
 "ocaml-derive",
 "ocaml-interop",
 "ocaml-sys",
]

[[package]]
name = "ocaml-boxroot-sys"
version = "0.2.0"
source = "registry+https://github.com/rust-lang/crates.io-index"
checksum = "5186393bfbee4ce2bc5bbb82beafb77e85c1d0a557e3cfc8c8a0d63d7845fed5"
dependencies = [
 "cc",
]

[[package]]
name = "ocaml-derive"
version = "0.22.0"
source = "registry+https://github.com/rust-lang/crates.io-index"
checksum = "b40aa99a001268b85eb18414ecd190dc21fceaeaf81214ca28233b6feb25a998"
dependencies = [
 "proc-macro2",
 "quote",
 "syn",
 "synstructure",
]

[[package]]
name = "ocaml-interop"
version = "0.8.8"
source = "registry+https://github.com/rust-lang/crates.io-index"
checksum = "2e01e08412a7e072a90a225d2ae49a2860aeea853ce673bc63891dbf86aed063"
dependencies = [
 "ocaml-boxroot-sys",
 "ocaml-sys",
 "static_assertions",
]

[[package]]
name = "ocaml-sys"
version = "0.22.3"
source = "registry+https://github.com/rust-lang/crates.io-index"
checksum = "73ec6ca7d41458442627435afb8f4671e83fd642e8a560171d671a1f679aa3cf"
dependencies = [
 "cty",
]

[[package]]
name = "proc-macro2"
version = "1.0.39"
source = "registry+https://github.com/rust-lang/crates.io-index"
checksum = "c54b25569025b7fc9651de43004ae593a75ad88543b17178aa5e1b9c4f15f56f"
dependencies = [
 "unicode-ident",
]

[[package]]
name = "quote"
version = "1.0.18"
source = "registry+https://github.com/rust-lang/crates.io-index"
checksum = "a1feb54ed693b93a84e14094943b84b7c4eae204c512b7ccb95ab0c66d278ad1"
dependencies = [
 "proc-macro2",
]

[[package]]
name = "rust-stdlib"
version = "0.1.0"
dependencies = [
 "ocaml",
]

[[package]]
name = "static_assertions"
version = "1.1.0"
source = "registry+https://github.com/rust-lang/crates.io-index"
checksum = "a2eb9349b6444b326872e140eb1cf5e7c522154d69e7a0ffb0fb81c06b37543f"

[[package]]
name = "syn"
version = "1.0.95"
source = "registry+https://github.com/rust-lang/crates.io-index"
checksum = "fbaf6116ab8924f39d52792136fb74fd60a80194cf1b1c6ffa6453eef1c3f942"
dependencies = [
 "proc-macro2",
 "quote",
 "unicode-ident",
]

[[package]]
name = "synstructure"
version = "0.12.6"
source = "registry+https://github.com/rust-lang/crates.io-index"
checksum = "f36bdaa60a83aca3921b5259d5400cbf5e90fc51931376a9bd4a0eb79aa7210f"
dependencies = [
 "proc-macro2",
 "quote",
 "syn",
 "unicode-xid",
]

[[package]]
name = "unicode-ident"
version = "1.0.0"
source = "registry+https://github.com/rust-lang/crates.io-index"
checksum = "d22af068fba1eb5edcb4aea19d382b2a3deb4c8f9d475c589b6ada9e0fd493ee"

[[package]]
name = "unicode-xid"
version = "0.2.3"
source = "registry+https://github.com/rust-lang/crates.io-index"
checksum = "957e51f3646910546462e67d5f7599b9e4fb8acdd304b087a6494730f9eebf04"
